<?xml version="1.0" encoding="utf-8"?>
<Project ToolsVersion="17.0" xmlns="http://schemas.microsoft.com/developer/msbuild/2003">
  <ItemGroup>
    <ClCompile Include="E:\regex-engine\src\api.c">
      <Filter>Source Files</Filter>
    </ClCompile>
    <ClCompile Include="E:\regex-engine\src\capture.c">
      <Filter>Source Files</Filter>
    </ClCompile>
    <ClCompile Include="E:\regex-engine\src\dfa.c">
      <Filter>Source Files</Filter>
    </ClCompile>
    <ClCompile Include="E:\regex-engine\src\hopcroft.c">
      <Filter>Source Files</Filter>
    </ClCompile>
    <ClCompile Include="E:\regex-engine\src\main.c">
      <Filter>Source Files</Filter>
    </ClCompile>
    <ClCompile Include="E:\regex-engine\src\matcher.c">
      <Filter>Source Files</Filter>
    </ClCompile>
    <ClCompile Include="E:\regex-engine\src\nfa.c">
      <Filter>Source Files</Filter>
    </ClCompile>
    <ClCompile Include="E:\regex-engine\src\parser.c">
      <Filter>Source Files</Filter>
    </ClCompile>
    <ClCompile Include="E:\regex-engine\src\posix_compat.c">
      <Filter>Source Files</Filter>
    </ClCompile>
    <ClCompile Include="E:\regex-engine\src\tokenizer.c">
      <Filter>Source Files</Filter>
    </ClCompile>
  </ItemGroup>
  <ItemGroup>
    <CustomBuild Include="E:\regex-engine\CMakeLists.txt" />
  </ItemGroup>
  <ItemGroup>
    <Filter Include="Source Files">
      <UniqueIdentifier>{38F9F4BE-671F-3B6D-9815-21D79E9D1174}</UniqueIdentifier>
    </Filter>
  </ItemGroup>
</Project>
