
Microsoft Visual Studio Solution File, Format Version 12.00
# Visual Studio Version 17
Project("{8BC9CEB8-8B4A-11D0-8D11-00A0C91BC942}") = "ALL_BUILD", "ALL_BUILD.vcxproj", "{442B972A-1115-3351-906D-DC604BA1B437}"
	ProjectSection(ProjectDependencies) = postProject
		{DF947941-A0EF-3E67-A1EF-0134062410A5} = {DF947941-A0EF-3E67-A1EF-0134062410A5}
		{FB962CE3-43C5-30DA-98F7-A6951EA7DBBC} = {FB962CE3-43C5-30DA-98F7-A6951EA7DBBC}
		{C7617294-8E6F-3945-ADD7-949D94FAAFE2} = {C7617294-8E6F-3945-ADD7-949D94FAAFE2}
		{E5E7291C-0101-3E11-8A96-9A2EF4C6782A} = {E5E7291C-0101-3E11-8A96-9A2EF4C6782A}
		{64458210-C1C0-36A0-A32E-DE84A5D47873} = {64458210-C1C0-36A0-A32E-DE84A5D47873}
		{2C9C7208-72A7-3751-8274-CA7CE39F9544} = {2C9C7208-72A7-3751-8274-CA7CE39F9544}
		{12ED8FD1-22B8-3563-98DC-C21F07F9C5E7} = {12ED8FD1-22B8-3563-98DC-C21F07F9C5E7}
		{58C440F8-DD13-326B-BD45-3B651A0BC9E5} = {58C440F8-DD13-326B-BD45-3B651A0BC9E5}
		{4B385054-DFC7-31A0-BC3C-703F45C85D81} = {4B385054-DFC7-31A0-BC3C-703F45C85D81}
		{31D7A59C-1C43-3B25-BD3D-48D5E3B664A2} = {31D7A59C-1C43-3B25-BD3D-48D5E3B664A2}
		{DC2111B4-2FE2-30B9-A23E-E97E967B7C07} = {DC2111B4-2FE2-30B9-A23E-E97E967B7C07}
		{77651E05-7407-317C-932F-55AB7BAAF170} = {77651E05-7407-317C-932F-55AB7BAAF170}
		{05E55CB3-7E9B-30E6-B2D0-429DE635467B} = {05E55CB3-7E9B-30E6-B2D0-429DE635467B}
		{F8828B85-AD3F-3E5B-B835-CE1346DFE0C7} = {F8828B85-AD3F-3E5B-B835-CE1346DFE0C7}
		{48479789-32E9-3018-8E33-ED3AE01730A9} = {48479789-32E9-3018-8E33-ED3AE01730A9}
		{3362C623-1511-3345-B094-773CCBF9E00F} = {3362C623-1511-3345-B094-773CCBF9E00F}
	EndProjectSection
EndProject
Project("{8BC9CEB8-8B4A-11D0-8D11-00A0C91BC942}") = "INSTALL", "INSTALL.vcxproj", "{024EA946-D432-396B-9004-CC5533757A08}"
	ProjectSection(ProjectDependencies) = postProject
		{442B972A-1115-3351-906D-DC604BA1B437} = {442B972A-1115-3351-906D-DC604BA1B437}
		{DF947941-A0EF-3E67-A1EF-0134062410A5} = {DF947941-A0EF-3E67-A1EF-0134062410A5}
	EndProjectSection
EndProject
Project("{8BC9CEB8-8B4A-11D0-8D11-00A0C91BC942}") = "ZERO_CHECK", "ZERO_CHECK.vcxproj", "{DF947941-A0EF-3E67-A1EF-0134062410A5}"
	ProjectSection(ProjectDependencies) = postProject
	EndProjectSection
EndProject
Project("{8BC9CEB8-8B4A-11D0-8D11-00A0C91BC942}") = "benchmark", "benchmark.vcxproj", "{FB962CE3-43C5-30DA-98F7-A6951EA7DBBC}"
	ProjectSection(ProjectDependencies) = postProject
		{DF947941-A0EF-3E67-A1EF-0134062410A5} = {DF947941-A0EF-3E67-A1EF-0134062410A5}
		{2C9C7208-72A7-3751-8274-CA7CE39F9544} = {2C9C7208-72A7-3751-8274-CA7CE39F9544}
	EndProjectSection
EndProject
Project("{8BC9CEB8-8B4A-11D0-8D11-00A0C91BC942}") = "gnu_grep_test", "gnu_grep_test.vcxproj", "{C7617294-8E6F-3945-ADD7-949D94FAAFE2}"
	ProjectSection(ProjectDependencies) = postProject
		{DF947941-A0EF-3E67-A1EF-0134062410A5} = {DF947941-A0EF-3E67-A1EF-0134062410A5}
		{2C9C7208-72A7-3751-8274-CA7CE39F9544} = {2C9C7208-72A7-3751-8274-CA7CE39F9544}
	EndProjectSection
EndProject
Project("{8BC9CEB8-8B4A-11D0-8D11-00A0C91BC942}") = "regex_api_test", "regex_api_test.vcxproj", "{E5E7291C-0101-3E11-8A96-9A2EF4C6782A}"
	ProjectSection(ProjectDependencies) = postProject
		{DF947941-A0EF-3E67-A1EF-0134062410A5} = {DF947941-A0EF-3E67-A1EF-0134062410A5}
		{2C9C7208-72A7-3751-8274-CA7CE39F9544} = {2C9C7208-72A7-3751-8274-CA7CE39F9544}
	EndProjectSection
EndProject
Project("{8BC9CEB8-8B4A-11D0-8D11-00A0C91BC942}") = "regex_capture_test", "regex_capture_test.vcxproj", "{64458210-C1C0-36A0-A32E-DE84A5D47873}"
	ProjectSection(ProjectDependencies) = postProject
		{DF947941-A0EF-3E67-A1EF-0134062410A5} = {DF947941-A0EF-3E67-A1EF-0134062410A5}
		{2C9C7208-72A7-3751-8274-CA7CE39F9544} = {2C9C7208-72A7-3751-8274-CA7CE39F9544}
	EndProjectSection
EndProject
Project("{8BC9CEB8-8B4A-11D0-8D11-00A0C91BC942}") = "regex_core", "regex_core.vcxproj", "{2C9C7208-72A7-3751-8274-CA7CE39F9544}"
	ProjectSection(ProjectDependencies) = postProject
		{DF947941-A0EF-3E67-A1EF-0134062410A5} = {DF947941-A0EF-3E67-A1EF-0134062410A5}
	EndProjectSection
EndProject
Project("{8BC9CEB8-8B4A-11D0-8D11-00A0C91BC942}") = "regex_dfa_test", "regex_dfa_test.vcxproj", "{12ED8FD1-22B8-3563-98DC-C21F07F9C5E7}"
	ProjectSection(ProjectDependencies) = postProject
		{DF947941-A0EF-3E67-A1EF-0134062410A5} = {DF947941-A0EF-3E67-A1EF-0134062410A5}
		{2C9C7208-72A7-3751-8274-CA7CE39F9544} = {2C9C7208-72A7-3751-8274-CA7CE39F9544}
	EndProjectSection
EndProject
Project("{8BC9CEB8-8B4A-11D0-8D11-00A0C91BC942}") = "regex_engine", "regex_engine.vcxproj", "{58C440F8-DD13-326B-BD45-3B651A0BC9E5}"
	ProjectSection(ProjectDependencies) = postProject
		{DF947941-A0EF-3E67-A1EF-0134062410A5} = {DF947941-A0EF-3E67-A1EF-0134062410A5}
		{2C9C7208-72A7-3751-8274-CA7CE39F9544} = {2C9C7208-72A7-3751-8274-CA7CE39F9544}
	EndProjectSection
EndProject
Project("{8BC9CEB8-8B4A-11D0-8D11-00A0C91BC942}") = "regex_grep_test", "regex_grep_test.vcxproj", "{4B385054-DFC7-31A0-BC3C-703F45C85D81}"
	ProjectSection(ProjectDependencies) = postProject
		{DF947941-A0EF-3E67-A1EF-0134062410A5} = {DF947941-A0EF-3E67-A1EF-0134062410A5}
		{2C9C7208-72A7-3751-8274-CA7CE39F9544} = {2C9C7208-72A7-3751-8274-CA7CE39F9544}
	EndProjectSection
EndProject
Project("{8BC9CEB8-8B4A-11D0-8D11-00A0C91BC942}") = "regex_hopcroft_test", "regex_hopcroft_test.vcxproj", "{31D7A59C-1C43-3B25-BD3D-48D5E3B664A2}"
	ProjectSection(ProjectDependencies) = postProject
		{DF947941-A0EF-3E67-A1EF-0134062410A5} = {DF947941-A0EF-3E67-A1EF-0134062410A5}
		{2C9C7208-72A7-3751-8274-CA7CE39F9544} = {2C9C7208-72A7-3751-8274-CA7CE39F9544}
	EndProjectSection
EndProject
Project("{8BC9CEB8-8B4A-11D0-8D11-00A0C91BC942}") = "regex_matcher_test", "regex_matcher_test.vcxproj", "{DC2111B4-2FE2-30B9-A23E-E97E967B7C07}"
	ProjectSection(ProjectDependencies) = postProject
		{DF947941-A0EF-3E67-A1EF-0134062410A5} = {DF947941-A0EF-3E67-A1EF-0134062410A5}
		{2C9C7208-72A7-3751-8274-CA7CE39F9544} = {2C9C7208-72A7-3751-8274-CA7CE39F9544}
	EndProjectSection
EndProject
Project("{8BC9CEB8-8B4A-11D0-8D11-00A0C91BC942}") = "regex_nfa_test", "regex_nfa_test.vcxproj", "{77651E05-7407-317C-932F-55AB7BAAF170}"
	ProjectSection(ProjectDependencies) = postProject
		{DF947941-A0EF-3E67-A1EF-0134062410A5} = {DF947941-A0EF-3E67-A1EF-0134062410A5}
		{2C9C7208-72A7-3751-8274-CA7CE39F9544} = {2C9C7208-72A7-3751-8274-CA7CE39F9544}
	EndProjectSection
EndProject
Project("{8BC9CEB8-8B4A-11D0-8D11-00A0C91BC942}") = "regex_parser_test", "regex_parser_test.vcxproj", "{05E55CB3-7E9B-30E6-B2D0-429DE635467B}"
	ProjectSection(ProjectDependencies) = postProject
		{DF947941-A0EF-3E67-A1EF-0134062410A5} = {DF947941-A0EF-3E67-A1EF-0134062410A5}
		{2C9C7208-72A7-3751-8274-CA7CE39F9544} = {2C9C7208-72A7-3751-8274-CA7CE39F9544}
	EndProjectSection
EndProject
Project("{8BC9CEB8-8B4A-11D0-8D11-00A0C91BC942}") = "regex_posix_test", "regex_posix_test.vcxproj", "{F8828B85-AD3F-3E5B-B835-CE1346DFE0C7}"
	ProjectSection(ProjectDependencies) = postProject
		{DF947941-A0EF-3E67-A1EF-0134062410A5} = {DF947941-A0EF-3E67-A1EF-0134062410A5}
		{2C9C7208-72A7-3751-8274-CA7CE39F9544} = {2C9C7208-72A7-3751-8274-CA7CE39F9544}
	EndProjectSection
EndProject
Project("{8BC9CEB8-8B4A-11D0-8D11-00A0C91BC942}") = "regex_tokenizer_test", "regex_tokenizer_test.vcxproj", "{48479789-32E9-3018-8E33-ED3AE01730A9}"
	ProjectSection(ProjectDependencies) = postProject
		{DF947941-A0EF-3E67-A1EF-0134062410A5} = {DF947941-A0EF-3E67-A1EF-0134062410A5}
		{2C9C7208-72A7-3751-8274-CA7CE39F9544} = {2C9C7208-72A7-3751-8274-CA7CE39F9544}
	EndProjectSection
EndProject
Project("{8BC9CEB8-8B4A-11D0-8D11-00A0C91BC942}") = "run_gnu_grep_tests", "run_gnu_grep_tests.vcxproj", "{4C481F57-43BF-3A15-A42B-E62EA90B3C86}"
	ProjectSection(ProjectDependencies) = postProject
		{DF947941-A0EF-3E67-A1EF-0134062410A5} = {DF947941-A0EF-3E67-A1EF-0134062410A5}
		{C7617294-8E6F-3945-ADD7-949D94FAAFE2} = {C7617294-8E6F-3945-ADD7-949D94FAAFE2}
	EndProjectSection
EndProject
Project("{8BC9CEB8-8B4A-11D0-8D11-00A0C91BC942}") = "run_test_runner", "run_test_runner.vcxproj", "{E49E63D9-4C17-3C76-8A26-9424A7CD0519}"
	ProjectSection(ProjectDependencies) = postProject
		{DF947941-A0EF-3E67-A1EF-0134062410A5} = {DF947941-A0EF-3E67-A1EF-0134062410A5}
		{E5E7291C-0101-3E11-8A96-9A2EF4C6782A} = {E5E7291C-0101-3E11-8A96-9A2EF4C6782A}
		{64458210-C1C0-36A0-A32E-DE84A5D47873} = {64458210-C1C0-36A0-A32E-DE84A5D47873}
		{12ED8FD1-22B8-3563-98DC-C21F07F9C5E7} = {12ED8FD1-22B8-3563-98DC-C21F07F9C5E7}
		{31D7A59C-1C43-3B25-BD3D-48D5E3B664A2} = {31D7A59C-1C43-3B25-BD3D-48D5E3B664A2}
		{DC2111B4-2FE2-30B9-A23E-E97E967B7C07} = {DC2111B4-2FE2-30B9-A23E-E97E967B7C07}
		{77651E05-7407-317C-932F-55AB7BAAF170} = {77651E05-7407-317C-932F-55AB7BAAF170}
		{05E55CB3-7E9B-30E6-B2D0-429DE635467B} = {05E55CB3-7E9B-30E6-B2D0-429DE635467B}
		{F8828B85-AD3F-3E5B-B835-CE1346DFE0C7} = {F8828B85-AD3F-3E5B-B835-CE1346DFE0C7}
		{48479789-32E9-3018-8E33-ED3AE01730A9} = {48479789-32E9-3018-8E33-ED3AE01730A9}
		{3362C623-1511-3345-B094-773CCBF9E00F} = {3362C623-1511-3345-B094-773CCBF9E00F}
	EndProjectSection
EndProject
Project("{8BC9CEB8-8B4A-11D0-8D11-00A0C91BC942}") = "run_tests", "run_tests.vcxproj", "{7D72AD79-A9B1-3CC8-BAF8-54E10838A996}"
	ProjectSection(ProjectDependencies) = postProject
		{DF947941-A0EF-3E67-A1EF-0134062410A5} = {DF947941-A0EF-3E67-A1EF-0134062410A5}
		{E5E7291C-0101-3E11-8A96-9A2EF4C6782A} = {E5E7291C-0101-3E11-8A96-9A2EF4C6782A}
		{64458210-C1C0-36A0-A32E-DE84A5D47873} = {64458210-C1C0-36A0-A32E-DE84A5D47873}
		{12ED8FD1-22B8-3563-98DC-C21F07F9C5E7} = {12ED8FD1-22B8-3563-98DC-C21F07F9C5E7}
		{31D7A59C-1C43-3B25-BD3D-48D5E3B664A2} = {31D7A59C-1C43-3B25-BD3D-48D5E3B664A2}
		{DC2111B4-2FE2-30B9-A23E-E97E967B7C07} = {DC2111B4-2FE2-30B9-A23E-E97E967B7C07}
		{77651E05-7407-317C-932F-55AB7BAAF170} = {77651E05-7407-317C-932F-55AB7BAAF170}
		{05E55CB3-7E9B-30E6-B2D0-429DE635467B} = {05E55CB3-7E9B-30E6-B2D0-429DE635467B}
		{F8828B85-AD3F-3E5B-B835-CE1346DFE0C7} = {F8828B85-AD3F-3E5B-B835-CE1346DFE0C7}
		{48479789-32E9-3018-8E33-ED3AE01730A9} = {48479789-32E9-3018-8E33-ED3AE01730A9}
	EndProjectSection
EndProject
Project("{8BC9CEB8-8B4A-11D0-8D11-00A0C91BC942}") = "test_runner", "test_runner.vcxproj", "{3362C623-1511-3345-B094-773CCBF9E00F}"
	ProjectSection(ProjectDependencies) = postProject
		{DF947941-A0EF-3E67-A1EF-0134062410A5} = {DF947941-A0EF-3E67-A1EF-0134062410A5}
		{2C9C7208-72A7-3751-8274-CA7CE39F9544} = {2C9C7208-72A7-3751-8274-CA7CE39F9544}
	EndProjectSection
EndProject
Global
	GlobalSection(SolutionConfigurationPlatforms) = preSolution
		Debug|x64 = Debug|x64
		Release|x64 = Release|x64
		MinSizeRel|x64 = MinSizeRel|x64
		RelWithDebInfo|x64 = RelWithDebInfo|x64
	EndGlobalSection
	GlobalSection(ProjectConfigurationPlatforms) = postSolution
		{442B972A-1115-3351-906D-DC604BA1B437}.Debug|x64.ActiveCfg = Debug|x64
		{442B972A-1115-3351-906D-DC604BA1B437}.Debug|x64.Build.0 = Debug|x64
		{442B972A-1115-3351-906D-DC604BA1B437}.Release|x64.ActiveCfg = Release|x64
		{442B972A-1115-3351-906D-DC604BA1B437}.Release|x64.Build.0 = Release|x64
		{442B972A-1115-3351-906D-DC604BA1B437}.MinSizeRel|x64.ActiveCfg = MinSizeRel|x64
		{442B972A-1115-3351-906D-DC604BA1B437}.MinSizeRel|x64.Build.0 = MinSizeRel|x64
		{442B972A-1115-3351-906D-DC604BA1B437}.RelWithDebInfo|x64.ActiveCfg = RelWithDebInfo|x64
		{442B972A-1115-3351-906D-DC604BA1B437}.RelWithDebInfo|x64.Build.0 = RelWithDebInfo|x64
		{024EA946-D432-396B-9004-CC5533757A08}.Debug|x64.ActiveCfg = Debug|x64
		{024EA946-D432-396B-9004-CC5533757A08}.Release|x64.ActiveCfg = Release|x64
		{024EA946-D432-396B-9004-CC5533757A08}.MinSizeRel|x64.ActiveCfg = MinSizeRel|x64
		{024EA946-D432-396B-9004-CC5533757A08}.RelWithDebInfo|x64.ActiveCfg = RelWithDebInfo|x64
		{DF947941-A0EF-3E67-A1EF-0134062410A5}.Debug|x64.ActiveCfg = Debug|x64
		{DF947941-A0EF-3E67-A1EF-0134062410A5}.Debug|x64.Build.0 = Debug|x64
		{DF947941-A0EF-3E67-A1EF-0134062410A5}.Release|x64.ActiveCfg = Release|x64
		{DF947941-A0EF-3E67-A1EF-0134062410A5}.Release|x64.Build.0 = Release|x64
		{DF947941-A0EF-3E67-A1EF-0134062410A5}.MinSizeRel|x64.ActiveCfg = MinSizeRel|x64
		{DF947941-A0EF-3E67-A1EF-0134062410A5}.MinSizeRel|x64.Build.0 = MinSizeRel|x64
		{DF947941-A0EF-3E67-A1EF-0134062410A5}.RelWithDebInfo|x64.ActiveCfg = RelWithDebInfo|x64
		{DF947941-A0EF-3E67-A1EF-0134062410A5}.RelWithDebInfo|x64.Build.0 = RelWithDebInfo|x64
		{FB962CE3-43C5-30DA-98F7-A6951EA7DBBC}.Debug|x64.ActiveCfg = Debug|x64
		{FB962CE3-43C5-30DA-98F7-A6951EA7DBBC}.Debug|x64.Build.0 = Debug|x64
		{FB962CE3-43C5-30DA-98F7-A6951EA7DBBC}.Release|x64.ActiveCfg = Release|x64
		{FB962CE3-43C5-30DA-98F7-A6951EA7DBBC}.Release|x64.Build.0 = Release|x64
		{FB962CE3-43C5-30DA-98F7-A6951EA7DBBC}.MinSizeRel|x64.ActiveCfg = MinSizeRel|x64
		{FB962CE3-43C5-30DA-98F7-A6951EA7DBBC}.MinSizeRel|x64.Build.0 = MinSizeRel|x64
		{FB962CE3-43C5-30DA-98F7-A6951EA7DBBC}.RelWithDebInfo|x64.ActiveCfg = RelWithDebInfo|x64
		{FB962CE3-43C5-30DA-98F7-A6951EA7DBBC}.RelWithDebInfo|x64.Build.0 = RelWithDebInfo|x64
		{C7617294-8E6F-3945-ADD7-949D94FAAFE2}.Debug|x64.ActiveCfg = Debug|x64
		{C7617294-8E6F-3945-ADD7-949D94FAAFE2}.Debug|x64.Build.0 = Debug|x64
		{C7617294-8E6F-3945-ADD7-949D94FAAFE2}.Release|x64.ActiveCfg = Release|x64
		{C7617294-8E6F-3945-ADD7-949D94FAAFE2}.Release|x64.Build.0 = Release|x64
		{C7617294-8E6F-3945-ADD7-949D94FAAFE2}.MinSizeRel|x64.ActiveCfg = MinSizeRel|x64
		{C7617294-8E6F-3945-ADD7-949D94FAAFE2}.MinSizeRel|x64.Build.0 = MinSizeRel|x64
		{C7617294-8E6F-3945-ADD7-949D94FAAFE2}.RelWithDebInfo|x64.ActiveCfg = RelWithDebInfo|x64
		{C7617294-8E6F-3945-ADD7-949D94FAAFE2}.RelWithDebInfo|x64.Build.0 = RelWithDebInfo|x64
		{E5E7291C-0101-3E11-8A96-9A2EF4C6782A}.Debug|x64.ActiveCfg = Debug|x64
		{E5E7291C-0101-3E11-8A96-9A2EF4C6782A}.Debug|x64.Build.0 = Debug|x64
		{E5E7291C-0101-3E11-8A96-9A2EF4C6782A}.Release|x64.ActiveCfg = Release|x64
		{E5E7291C-0101-3E11-8A96-9A2EF4C6782A}.Release|x64.Build.0 = Release|x64
		{E5E7291C-0101-3E11-8A96-9A2EF4C6782A}.MinSizeRel|x64.ActiveCfg = MinSizeRel|x64
		{E5E7291C-0101-3E11-8A96-9A2EF4C6782A}.MinSizeRel|x64.Build.0 = MinSizeRel|x64
		{E5E7291C-0101-3E11-8A96-9A2EF4C6782A}.RelWithDebInfo|x64.ActiveCfg = RelWithDebInfo|x64
		{E5E7291C-0101-3E11-8A96-9A2EF4C6782A}.RelWithDebInfo|x64.Build.0 = RelWithDebInfo|x64
		{64458210-C1C0-36A0-A32E-DE84A5D47873}.Debug|x64.ActiveCfg = Debug|x64
		{64458210-C1C0-36A0-A32E-DE84A5D47873}.Debug|x64.Build.0 = Debug|x64
		{64458210-C1C0-36A0-A32E-DE84A5D47873}.Release|x64.ActiveCfg = Release|x64
		{64458210-C1C0-36A0-A32E-DE84A5D47873}.Release|x64.Build.0 = Release|x64
		{64458210-C1C0-36A0-A32E-DE84A5D47873}.MinSizeRel|x64.ActiveCfg = MinSizeRel|x64
		{64458210-C1C0-36A0-A32E-DE84A5D47873}.MinSizeRel|x64.Build.0 = MinSizeRel|x64
		{64458210-C1C0-36A0-A32E-DE84A5D47873}.RelWithDebInfo|x64.ActiveCfg = RelWithDebInfo|x64
		{64458210-C1C0-36A0-A32E-DE84A5D47873}.RelWithDebInfo|x64.Build.0 = RelWithDebInfo|x64
		{2C9C7208-72A7-3751-8274-CA7CE39F9544}.Debug|x64.ActiveCfg = Debug|x64
		{2C9C7208-72A7-3751-8274-CA7CE39F9544}.Debug|x64.Build.0 = Debug|x64
		{2C9C7208-72A7-3751-8274-CA7CE39F9544}.Release|x64.ActiveCfg = Release|x64
		{2C9C7208-72A7-3751-8274-CA7CE39F9544}.Release|x64.Build.0 = Release|x64
		{2C9C7208-72A7-3751-8274-CA7CE39F9544}.MinSizeRel|x64.ActiveCfg = MinSizeRel|x64
		{2C9C7208-72A7-3751-8274-CA7CE39F9544}.MinSizeRel|x64.Build.0 = MinSizeRel|x64
		{2C9C7208-72A7-3751-8274-CA7CE39F9544}.RelWithDebInfo|x64.ActiveCfg = RelWithDebInfo|x64
		{2C9C7208-72A7-3751-8274-CA7CE39F9544}.RelWithDebInfo|x64.Build.0 = RelWithDebInfo|x64
		{12ED8FD1-22B8-3563-98DC-C21F07F9C5E7}.Debug|x64.ActiveCfg = Debug|x64
		{12ED8FD1-22B8-3563-98DC-C21F07F9C5E7}.Debug|x64.Build.0 = Debug|x64
		{12ED8FD1-22B8-3563-98DC-C21F07F9C5E7}.Release|x64.ActiveCfg = Release|x64
		{12ED8FD1-22B8-3563-98DC-C21F07F9C5E7}.Release|x64.Build.0 = Release|x64
		{12ED8FD1-22B8-3563-98DC-C21F07F9C5E7}.MinSizeRel|x64.ActiveCfg = MinSizeRel|x64
		{12ED8FD1-22B8-3563-98DC-C21F07F9C5E7}.MinSizeRel|x64.Build.0 = MinSizeRel|x64
		{12ED8FD1-22B8-3563-98DC-C21F07F9C5E7}.RelWithDebInfo|x64.ActiveCfg = RelWithDebInfo|x64
		{12ED8FD1-22B8-3563-98DC-C21F07F9C5E7}.RelWithDebInfo|x64.Build.0 = RelWithDebInfo|x64
		{58C440F8-DD13-326B-BD45-3B651A0BC9E5}.Debug|x64.ActiveCfg = Debug|x64
		{58C440F8-DD13-326B-BD45-3B651A0BC9E5}.Debug|x64.Build.0 = Debug|x64
		{58C440F8-DD13-326B-BD45-3B651A0BC9E5}.Release|x64.ActiveCfg = Release|x64
		{58C440F8-DD13-326B-BD45-3B651A0BC9E5}.Release|x64.Build.0 = Release|x64
		{58C440F8-DD13-326B-BD45-3B651A0BC9E5}.MinSizeRel|x64.ActiveCfg = MinSizeRel|x64
		{58C440F8-DD13-326B-BD45-3B651A0BC9E5}.MinSizeRel|x64.Build.0 = MinSizeRel|x64
		{58C440F8-DD13-326B-BD45-3B651A0BC9E5}.RelWithDebInfo|x64.ActiveCfg = RelWithDebInfo|x64
		{58C440F8-DD13-326B-BD45-3B651A0BC9E5}.RelWithDebInfo|x64.Build.0 = RelWithDebInfo|x64
		{4B385054-DFC7-31A0-BC3C-703F45C85D81}.Debug|x64.ActiveCfg = Debug|x64
		{4B385054-DFC7-31A0-BC3C-703F45C85D81}.Debug|x64.Build.0 = Debug|x64
		{4B385054-DFC7-31A0-BC3C-703F45C85D81}.Release|x64.ActiveCfg = Release|x64
		{4B385054-DFC7-31A0-BC3C-703F45C85D81}.Release|x64.Build.0 = Release|x64
		{4B385054-DFC7-31A0-BC3C-703F45C85D81}.MinSizeRel|x64.ActiveCfg = MinSizeRel|x64
		{4B385054-DFC7-31A0-BC3C-703F45C85D81}.MinSizeRel|x64.Build.0 = MinSizeRel|x64
		{4B385054-DFC7-31A0-BC3C-703F45C85D81}.RelWithDebInfo|x64.ActiveCfg = RelWithDebInfo|x64
		{4B385054-DFC7-31A0-BC3C-703F45C85D81}.RelWithDebInfo|x64.Build.0 = RelWithDebInfo|x64
		{31D7A59C-1C43-3B25-BD3D-48D5E3B664A2}.Debug|x64.ActiveCfg = Debug|x64
		{31D7A59C-1C43-3B25-BD3D-48D5E3B664A2}.Debug|x64.Build.0 = Debug|x64
		{31D7A59C-1C43-3B25-BD3D-48D5E3B664A2}.Release|x64.ActiveCfg = Release|x64
		{31D7A59C-1C43-3B25-BD3D-48D5E3B664A2}.Release|x64.Build.0 = Release|x64
		{31D7A59C-1C43-3B25-BD3D-48D5E3B664A2}.MinSizeRel|x64.ActiveCfg = MinSizeRel|x64
		{31D7A59C-1C43-3B25-BD3D-48D5E3B664A2}.MinSizeRel|x64.Build.0 = MinSizeRel|x64
		{31D7A59C-1C43-3B25-BD3D-48D5E3B664A2}.RelWithDebInfo|x64.ActiveCfg = RelWithDebInfo|x64
		{31D7A59C-1C43-3B25-BD3D-48D5E3B664A2}.RelWithDebInfo|x64.Build.0 = RelWithDebInfo|x64
		{DC2111B4-2FE2-30B9-A23E-E97E967B7C07}.Debug|x64.ActiveCfg = Debug|x64
		{DC2111B4-2FE2-30B9-A23E-E97E967B7C07}.Debug|x64.Build.0 = Debug|x64
		{DC2111B4-2FE2-30B9-A23E-E97E967B7C07}.Release|x64.ActiveCfg = Release|x64
		{DC2111B4-2FE2-30B9-A23E-E97E967B7C07}.Release|x64.Build.0 = Release|x64
		{DC2111B4-2FE2-30B9-A23E-E97E967B7C07}.MinSizeRel|x64.ActiveCfg = MinSizeRel|x64
		{DC2111B4-2FE2-30B9-A23E-E97E967B7C07}.MinSizeRel|x64.Build.0 = MinSizeRel|x64
		{DC2111B4-2FE2-30B9-A23E-E97E967B7C07}.RelWithDebInfo|x64.ActiveCfg = RelWithDebInfo|x64
		{DC2111B4-2FE2-30B9-A23E-E97E967B7C07}.RelWithDebInfo|x64.Build.0 = RelWithDebInfo|x64
		{77651E05-7407-317C-932F-55AB7BAAF170}.Debug|x64.ActiveCfg = Debug|x64
		{77651E05-7407-317C-932F-55AB7BAAF170}.Debug|x64.Build.0 = Debug|x64
		{77651E05-7407-317C-932F-55AB7BAAF170}.Release|x64.ActiveCfg = Release|x64
		{77651E05-7407-317C-932F-55AB7BAAF170}.Release|x64.Build.0 = Release|x64
		{77651E05-7407-317C-932F-55AB7BAAF170}.MinSizeRel|x64.ActiveCfg = MinSizeRel|x64
		{77651E05-7407-317C-932F-55AB7BAAF170}.MinSizeRel|x64.Build.0 = MinSizeRel|x64
		{77651E05-7407-317C-932F-55AB7BAAF170}.RelWithDebInfo|x64.ActiveCfg = RelWithDebInfo|x64
		{77651E05-7407-317C-932F-55AB7BAAF170}.RelWithDebInfo|x64.Build.0 = RelWithDebInfo|x64
		{05E55CB3-7E9B-30E6-B2D0-429DE635467B}.Debug|x64.ActiveCfg = Debug|x64
		{05E55CB3-7E9B-30E6-B2D0-429DE635467B}.Debug|x64.Build.0 = Debug|x64
		{05E55CB3-7E9B-30E6-B2D0-429DE635467B}.Release|x64.ActiveCfg = Release|x64
		{05E55CB3-7E9B-30E6-B2D0-429DE635467B}.Release|x64.Build.0 = Release|x64
		{05E55CB3-7E9B-30E6-B2D0-429DE635467B}.MinSizeRel|x64.ActiveCfg = MinSizeRel|x64
		{05E55CB3-7E9B-30E6-B2D0-429DE635467B}.MinSizeRel|x64.Build.0 = MinSizeRel|x64
		{05E55CB3-7E9B-30E6-B2D0-429DE635467B}.RelWithDebInfo|x64.ActiveCfg = RelWithDebInfo|x64
		{05E55CB3-7E9B-30E6-B2D0-429DE635467B}.RelWithDebInfo|x64.Build.0 = RelWithDebInfo|x64
		{F8828B85-AD3F-3E5B-B835-CE1346DFE0C7}.Debug|x64.ActiveCfg = Debug|x64
		{F8828B85-AD3F-3E5B-B835-CE1346DFE0C7}.Debug|x64.Build.0 = Debug|x64
		{F8828B85-AD3F-3E5B-B835-CE1346DFE0C7}.Release|x64.ActiveCfg = Release|x64
		{F8828B85-AD3F-3E5B-B835-CE1346DFE0C7}.Release|x64.Build.0 = Release|x64
		{F8828B85-AD3F-3E5B-B835-CE1346DFE0C7}.MinSizeRel|x64.ActiveCfg = MinSizeRel|x64
		{F8828B85-AD3F-3E5B-B835-CE1346DFE0C7}.MinSizeRel|x64.Build.0 = MinSizeRel|x64
		{F8828B85-AD3F-3E5B-B835-CE1346DFE0C7}.RelWithDebInfo|x64.ActiveCfg = RelWithDebInfo|x64
		{F8828B85-AD3F-3E5B-B835-CE1346DFE0C7}.RelWithDebInfo|x64.Build.0 = RelWithDebInfo|x64
		{48479789-32E9-3018-8E33-ED3AE01730A9}.Debug|x64.ActiveCfg = Debug|x64
		{48479789-32E9-3018-8E33-ED3AE01730A9}.Debug|x64.Build.0 = Debug|x64
		{48479789-32E9-3018-8E33-ED3AE01730A9}.Release|x64.ActiveCfg = Release|x64
		{48479789-32E9-3018-8E33-ED3AE01730A9}.Release|x64.Build.0 = Release|x64
		{48479789-32E9-3018-8E33-ED3AE01730A9}.MinSizeRel|x64.ActiveCfg = MinSizeRel|x64
		{48479789-32E9-3018-8E33-ED3AE01730A9}.MinSizeRel|x64.Build.0 = MinSizeRel|x64
		{48479789-32E9-3018-8E33-ED3AE01730A9}.RelWithDebInfo|x64.ActiveCfg = RelWithDebInfo|x64
		{48479789-32E9-3018-8E33-ED3AE01730A9}.RelWithDebInfo|x64.Build.0 = RelWithDebInfo|x64
		{4C481F57-43BF-3A15-A42B-E62EA90B3C86}.Debug|x64.ActiveCfg = Debug|x64
		{4C481F57-43BF-3A15-A42B-E62EA90B3C86}.Release|x64.ActiveCfg = Release|x64
		{4C481F57-43BF-3A15-A42B-E62EA90B3C86}.MinSizeRel|x64.ActiveCfg = MinSizeRel|x64
		{4C481F57-43BF-3A15-A42B-E62EA90B3C86}.RelWithDebInfo|x64.ActiveCfg = RelWithDebInfo|x64
		{E49E63D9-4C17-3C76-8A26-9424A7CD0519}.Debug|x64.ActiveCfg = Debug|x64
		{E49E63D9-4C17-3C76-8A26-9424A7CD0519}.Release|x64.ActiveCfg = Release|x64
		{E49E63D9-4C17-3C76-8A26-9424A7CD0519}.MinSizeRel|x64.ActiveCfg = MinSizeRel|x64
		{E49E63D9-4C17-3C76-8A26-9424A7CD0519}.RelWithDebInfo|x64.ActiveCfg = RelWithDebInfo|x64
		{7D72AD79-A9B1-3CC8-BAF8-54E10838A996}.Debug|x64.ActiveCfg = Debug|x64
		{7D72AD79-A9B1-3CC8-BAF8-54E10838A996}.Release|x64.ActiveCfg = Release|x64
		{7D72AD79-A9B1-3CC8-BAF8-54E10838A996}.MinSizeRel|x64.ActiveCfg = MinSizeRel|x64
		{7D72AD79-A9B1-3CC8-BAF8-54E10838A996}.RelWithDebInfo|x64.ActiveCfg = RelWithDebInfo|x64
		{3362C623-1511-3345-B094-773CCBF9E00F}.Debug|x64.ActiveCfg = Debug|x64
		{3362C623-1511-3345-B094-773CCBF9E00F}.Debug|x64.Build.0 = Debug|x64
		{3362C623-1511-3345-B094-773CCBF9E00F}.Release|x64.ActiveCfg = Release|x64
		{3362C623-1511-3345-B094-773CCBF9E00F}.Release|x64.Build.0 = Release|x64
		{3362C623-1511-3345-B094-773CCBF9E00F}.MinSizeRel|x64.ActiveCfg = MinSizeRel|x64
		{3362C623-1511-3345-B094-773CCBF9E00F}.MinSizeRel|x64.Build.0 = MinSizeRel|x64
		{3362C623-1511-3345-B094-773CCBF9E00F}.RelWithDebInfo|x64.ActiveCfg = RelWithDebInfo|x64
		{3362C623-1511-3345-B094-773CCBF9E00F}.RelWithDebInfo|x64.Build.0 = RelWithDebInfo|x64
	EndGlobalSection
	GlobalSection(ExtensibilityGlobals) = postSolution
		SolutionGuid = {4FB87AC4-57BA-3864-9610-A1374831C99E}
	EndGlobalSection
	GlobalSection(ExtensibilityAddIns) = postSolution
	EndGlobalSection
EndGlobal
