<?xml version="1.0" encoding="utf-8"?>
<Project ToolsVersion="17.0" xmlns="http://schemas.microsoft.com/developer/msbuild/2003">
  <ItemGroup>
    <CustomBuild Include="E:\regex-engine\CMakeFiles\a02d2c0b37e1ef84ab54496197d48aa8\run_gnu_grep_tests.rule">
      <Filter>CMake Rules</Filter>
    </CustomBuild>
    <CustomBuild Include="E:\regex-engine\CMakeLists.txt" />
  </ItemGroup>
  <ItemGroup>
    <None Include="E:\regex-engine\CMakeFiles\run_gnu_grep_tests" />
  </ItemGroup>
  <ItemGroup>
    <Filter Include="CMake Rules">
      <UniqueIdentifier>{950FD540-B131-3ED6-B263-0652FD8CBB84}</UniqueIdentifier>
    </Filter>
  </ItemGroup>
</Project>
